Microsoft Visual Studio Solution File, Format Version 12.00
# Visual Studio 2012
Project("{FAE04EC0-301F-11D3-BF4B-00C04F79EFBC}") = "v5", "v5.csproj", "{DA3C504F-AB1D-40F3-9268-B6E9B361A60B}"
EndProject
Global
	GlobalSection(SolutionConfigurationPlatforms) = preSolution
	Debug|Any CPU = Debug|Any CPU
	ExportDebug|Any CPU = ExportDebug|Any CPU
	ExportRelease|Any CPU = ExportRelease|Any CPU
	EndGlobalSection
	GlobalSection(ProjectConfigurationPlatforms) = postSolution
		{DA3C504F-AB1D-40F3-9268-B6E9B361A60B}.Debug|Any CPU.ActiveCfg = Debug|Any CPU
		{DA3C504F-AB1D-40F3-9268-B6E9B361A60B}.Debug|Any CPU.Build.0 = Debug|Any CPU
		{DA3C504F-AB1D-40F3-9268-B6E9B361A60B}.ExportDebug|Any CPU.ActiveCfg = ExportDebug|Any CPU
		{DA3C504F-AB1D-40F3-9268-B6E9B361A60B}.ExportDebug|Any CPU.Build.0 = ExportDebug|Any CPU
		{DA3C504F-AB1D-40F3-9268-B6E9B361A60B}.ExportRelease|Any CPU.ActiveCfg = ExportRelease|Any CPU
		{DA3C504F-AB1D-40F3-9268-B6E9B361A60B}.ExportRelease|Any CPU.Build.0 = ExportRelease|Any CPU
	EndGlobalSection
EndGlobal
